// !$*UTF8*$!
{
	archiveVersion = 1;
	classes = {
	};
	objectVersion = 55;
	objects = {

/* Begin PBXBuildFile section */
		174192352886B70A00161123 /* AppDelegate.swift in Sources */ = {isa = PBXBuildFile; fileRef = 174192342886B70A00161123 /* AppDelegate.swift */; };
		1741923C2886B70A00161123 /* Main.storyboard in Resources */ = {isa = PBXBuildFile; fileRef = 1741923A2886B70A00161123 /* Main.storyboard */; };
		1741923E2886B70C00161123 /* Assets.xcassets in Resources */ = {isa = PBXBuildFile; fileRef = 1741923D2886B70C00161123 /* Assets.xcassets */; };
		174192412886B70C00161123 /* LaunchScreen.storyboard in Resources */ = {isa = PBXBuildFile; fileRef = 1741923F2886B70C00161123 /* LaunchScreen.storyboard */; };
		174192812886C8FD00161123 /* PoliteCoreData_Framework.framework in Frameworks */ = {isa = PBXBuildFile; fileRef = 174192802886C8FD00161123 /* PoliteCoreData_Framework.framework */; };
		174192822886C8FD00161123 /* PoliteCoreData_Framework.framework in Embed Frameworks */ = {isa = PBXBuildFile; fileRef = 174192802886C8FD00161123 /* PoliteCoreData_Framework.framework */; settings = {ATTRIBUTES = (CodeSignOnCopy, RemoveHeadersOnCopy, ); }; };
		17DBBB4B288EAD970076FE44 /* CDExampleEntity+CoreDataProperties.swift in Sources */ = {isa = PBXBuildFile; fileRef = 17DBBB46288EAD970076FE44 /* CDExampleEntity+CoreDataProperties.swift */; };
		17DBBB4C288EAD970076FE44 /* CDExampleEntity+CoreDataClass.swift in Sources */ = {isa = PBXBuildFile; fileRef = 17DBBB47288EAD970076FE44 /* CDExampleEntity+CoreDataClass.swift */; };
		17DBBB4D288EAD970076FE44 /* CDEntity+Update.swift in Sources */ = {isa = PBXBuildFile; fileRef = 17DBBB48288EAD970076FE44 /* CDEntity+Update.swift */; };
		17DBBB4E288EAD970076FE44 /* ExampleEntity.swift in Sources */ = {isa = PBXBuildFile; fileRef = 17DBBB49288EAD970076FE44 /* ExampleEntity.swift */; };
		17DBBB51288EAEB80076FE44 /* CoreDataExample.xcdatamodeld in Sources */ = {isa = PBXBuildFile; fileRef = 17DBBB4F288EAEB80076FE44 /* CoreDataExample.xcdatamodeld */; };
		17DBBB53288EB08E0076FE44 /* ExampleCoreDataViewController.swift in Sources */ = {isa = PBXBuildFile; fileRef = 17DBBB52288EB08E0076FE44 /* ExampleCoreDataViewController.swift */; };
		17DBBB66288EB3EF0076FE44 /* PoliteCoreDataTests.swift in Sources */ = {isa = PBXBuildFile; fileRef = 17DBBB65288EB3EF0076FE44 /* PoliteCoreDataTests.swift */; };
		17DBBB69288EB4330076FE44 /* V2_to_V3_MigrationPolicy.swift in Sources */ = {isa = PBXBuildFile; fileRef = 17DBBB67288EB4330076FE44 /* V2_to_V3_MigrationPolicy.swift */; };
		17DBBB6A288EB4330076FE44 /* V1_to_V2_MigrationPolicy.swift in Sources */ = {isa = PBXBuildFile; fileRef = 17DBBB68288EB4330076FE44 /* V1_to_V2_MigrationPolicy.swift */; };
		17DBBB79288EB4730076FE44 /* MigrationTestIds.xcdatamodeld in Sources */ = {isa = PBXBuildFile; fileRef = 17DBBB6B288EB4730076FE44 /* MigrationTestIds.xcdatamodeld */; };
		17DBBB7C288EB4730076FE44 /* Model_v1_to_v2_ids.xcmappingmodel in Sources */ = {isa = PBXBuildFile; fileRef = 17DBBB76288EB4730076FE44 /* Model_v1_to_v2_ids.xcmappingmodel */; };
		17DBBB7D288EB4730076FE44 /* Model_v2_to_v3_ids.xcmappingmodel in Sources */ = {isa = PBXBuildFile; fileRef = 17DBBB77288EB4730076FE44 /* Model_v2_to_v3_ids.xcmappingmodel */; };
		17F226902938C33600D604D2 /* HostingViewController.swift in Sources */ = {isa = PBXBuildFile; fileRef = 17F2268F2938C33600D604D2 /* HostingViewController.swift */; };
		17F226922938C69700D604D2 /* SwiftUIView.swift in Sources */ = {isa = PBXBuildFile; fileRef = 17F226912938C69700D604D2 /* SwiftUIView.swift */; };
		269712C2299CDB5400756DA4 /* ExampleCoreDataInteractor.swift in Sources */ = {isa = PBXBuildFile; fileRef = 269712C1299CDB5400756DA4 /* ExampleCoreDataInteractor.swift */; };
		26C590D8293ACA16002B611E /* DataStorage.swift in Sources */ = {isa = PBXBuildFile; fileRef = 26C590D7293ACA16002B611E /* DataStorage.swift */; };
		853405BAB107125E2950A6CC /* Pods_PoliteCoreData_Example.framework in Frameworks */ = {isa = PBXBuildFile; fileRef = 1878DC54E33B1420D93B8314 /* Pods_PoliteCoreData_Example.framework */; };
		A541B2EA2CFD670100D0F087 /* MigrationTestNames.xcdatamodeld in Sources */ = {isa = PBXBuildFile; fileRef = A541B2E82CFD670100D0F087 /* MigrationTestNames.xcdatamodeld */; };
		A541B2F52CFD70B700D0F087 /* MigrationTestIds.xcdatamodeld in Sources */ = {isa = PBXBuildFile; fileRef = 17DBBB6B288EB4730076FE44 /* MigrationTestIds.xcdatamodeld */; };
		A541B2F62CFD70BF00D0F087 /* MigrationTestNames.xcdatamodeld in Sources */ = {isa = PBXBuildFile; fileRef = A541B2E82CFD670100D0F087 /* MigrationTestNames.xcdatamodeld */; };
		A541B2FA2CFD726B00D0F087 /* MigrationTestNames_v1_to_v2.xcmappingmodel in Sources */ = {isa = PBXBuildFile; fileRef = A541B2F92CFD726B00D0F087 /* MigrationTestNames_v1_to_v2.xcmappingmodel */; };
		A541B2FC2CFD72DC00D0F087 /* MigrationTestNames_v2_to_v3.xcmappingmodel in Sources */ = {isa = PBXBuildFile; fileRef = A541B2FB2CFD72DC00D0F087 /* MigrationTestNames_v2_to_v3.xcmappingmodel */; };
/* End PBXBuildFile section */

/* Begin PBXContainerItemProxy section */
		17DBBB5C288EB1F40076FE44 /* PBXContainerItemProxy */ = {
			isa = PBXContainerItemProxy;
			containerPortal = 174192292886B70A00161123 /* Project object */;
			proxyType = 1;
			remoteGlobalIDString = 174192302886B70A00161123;
			remoteInfo = PoliteCoreData_Example;
		};
/* End PBXContainerItemProxy section */

/* Begin PBXCopyFilesBuildPhase section */
		174192832886C8FD00161123 /* Embed Frameworks */ = {
			isa = PBXCopyFilesBuildPhase;
			buildActionMask = 2147483647;
			dstPath = "";
			dstSubfolderSpec = 10;
			files = (
				174192822886C8FD00161123 /* PoliteCoreData_Framework.framework in Embed Frameworks */,
			);
			name = "Embed Frameworks";
			runOnlyForDeploymentPostprocessing = 0;
		};
/* End PBXCopyFilesBuildPhase section */

/* Begin PBXFileReference section */
		174192312886B70A00161123 /* PoliteCoreData_Example.app */ = {isa = PBXFileReference; explicitFileType = wrapper.application; includeInIndex = 0; path = PoliteCoreData_Example.app; sourceTree = BUILT_PRODUCTS_DIR; };
		174192342886B70A00161123 /* AppDelegate.swift */ = {isa = PBXFileReference; lastKnownFileType = sourcecode.swift; path = AppDelegate.swift; sourceTree = "<group>"; };
		1741923B2886B70A00161123 /* Base */ = {isa = PBXFileReference; lastKnownFileType = file.storyboard; name = Base; path = Base.lproj/Main.storyboard; sourceTree = "<group>"; };
		1741923D2886B70C00161123 /* Assets.xcassets */ = {isa = PBXFileReference; lastKnownFileType = folder.assetcatalog; path = Assets.xcassets; sourceTree = "<group>"; };
		174192402886B70C00161123 /* Base */ = {isa = PBXFileReference; lastKnownFileType = file.storyboard; name = Base; path = Base.lproj/LaunchScreen.storyboard; sourceTree = "<group>"; };
		174192422886B70C00161123 /* Info.plist */ = {isa = PBXFileReference; lastKnownFileType = text.plist.xml; path = Info.plist; sourceTree = "<group>"; };
		174192802886C8FD00161123 /* PoliteCoreData_Framework.framework */ = {isa = PBXFileReference; explicitFileType = wrapper.framework; path = PoliteCoreData_Framework.framework; sourceTree = BUILT_PRODUCTS_DIR; };
		17DBBB46288EAD970076FE44 /* CDExampleEntity+CoreDataProperties.swift */ = {isa = PBXFileReference; fileEncoding = 4; lastKnownFileType = sourcecode.swift; path = "CDExampleEntity+CoreDataProperties.swift"; sourceTree = "<group>"; };
		17DBBB47288EAD970076FE44 /* CDExampleEntity+CoreDataClass.swift */ = {isa = PBXFileReference; fileEncoding = 4; lastKnownFileType = sourcecode.swift; path = "CDExampleEntity+CoreDataClass.swift"; sourceTree = "<group>"; };
		17DBBB48288EAD970076FE44 /* CDEntity+Update.swift */ = {isa = PBXFileReference; fileEncoding = 4; lastKnownFileType = sourcecode.swift; path = "CDEntity+Update.swift"; sourceTree = "<group>"; };
		17DBBB49288EAD970076FE44 /* ExampleEntity.swift */ = {isa = PBXFileReference; fileEncoding = 4; lastKnownFileType = sourcecode.swift; path = ExampleEntity.swift; sourceTree = "<group>"; };
		17DBBB50288EAEB80076FE44 /* Model.xcdatamodel */ = {isa = PBXFileReference; lastKnownFileType = wrapper.xcdatamodel; path = Model.xcdatamodel; sourceTree = "<group>"; };
		17DBBB52288EB08E0076FE44 /* ExampleCoreDataViewController.swift */ = {isa = PBXFileReference; fileEncoding = 4; lastKnownFileType = sourcecode.swift; path = ExampleCoreDataViewController.swift; sourceTree = "<group>"; };
		17DBBB58288EB1F40076FE44 /* PoliteCoreDataTests.xctest */ = {isa = PBXFileReference; explicitFileType = wrapper.cfbundle; includeInIndex = 0; path = PoliteCoreDataTests.xctest; sourceTree = BUILT_PRODUCTS_DIR; };
		17DBBB65288EB3EF0076FE44 /* PoliteCoreDataTests.swift */ = {isa = PBXFileReference; fileEncoding = 4; lastKnownFileType = sourcecode.swift; path = PoliteCoreDataTests.swift; sourceTree = "<group>"; };
		17DBBB67288EB4330076FE44 /* V2_to_V3_MigrationPolicy.swift */ = {isa = PBXFileReference; fileEncoding = 4; lastKnownFileType = sourcecode.swift; path = V2_to_V3_MigrationPolicy.swift; sourceTree = "<group>"; };
		17DBBB68288EB4330076FE44 /* V1_to_V2_MigrationPolicy.swift */ = {isa = PBXFileReference; fileEncoding = 4; lastKnownFileType = sourcecode.swift; path = V1_to_V2_MigrationPolicy.swift; sourceTree = "<group>"; };
		17DBBB6C288EB4730076FE44 /* MigrationTestIds_3.xcdatamodel */ = {isa = PBXFileReference; lastKnownFileType = wrapper.xcdatamodel; path = MigrationTestIds_3.xcdatamodel; sourceTree = "<group>"; };
		17DBBB6D288EB4730076FE44 /* MigrationTestIds_2.xcdatamodel */ = {isa = PBXFileReference; lastKnownFileType = wrapper.xcdatamodel; path = MigrationTestIds_2.xcdatamodel; sourceTree = "<group>"; };
		17DBBB6E288EB4730076FE44 /* MigrationTestIds.xcdatamodel */ = {isa = PBXFileReference; lastKnownFileType = wrapper.xcdatamodel; path = MigrationTestIds.xcdatamodel; sourceTree = "<group>"; };
		17DBBB6F288EB4730076FE44 /* MigrationTestIds_1.xcdatamodel */ = {isa = PBXFileReference; lastKnownFileType = wrapper.xcdatamodel; path = MigrationTestIds_1.xcdatamodel; sourceTree = "<group>"; };
		17DBBB76288EB4730076FE44 /* Model_v1_to_v2_ids.xcmappingmodel */ = {isa = PBXFileReference; lastKnownFileType = wrapper.xcmappingmodel; path = Model_v1_to_v2_ids.xcmappingmodel; sourceTree = "<group>"; };
		17DBBB77288EB4730076FE44 /* Model_v2_to_v3_ids.xcmappingmodel */ = {isa = PBXFileReference; lastKnownFileType = wrapper.xcmappingmodel; path = Model_v2_to_v3_ids.xcmappingmodel; sourceTree = "<group>"; };
		17F2268F2938C33600D604D2 /* HostingViewController.swift */ = {isa = PBXFileReference; lastKnownFileType = sourcecode.swift; path = HostingViewController.swift; sourceTree = "<group>"; };
		17F226912938C69700D604D2 /* SwiftUIView.swift */ = {isa = PBXFileReference; lastKnownFileType = sourcecode.swift; path = SwiftUIView.swift; sourceTree = "<group>"; };
		1878DC54E33B1420D93B8314 /* Pods_PoliteCoreData_Example.framework */ = {isa = PBXFileReference; explicitFileType = wrapper.framework; includeInIndex = 0; path = Pods_PoliteCoreData_Example.framework; sourceTree = BUILT_PRODUCTS_DIR; };
		269712C1299CDB5400756DA4 /* ExampleCoreDataInteractor.swift */ = {isa = PBXFileReference; lastKnownFileType = sourcecode.swift; path = ExampleCoreDataInteractor.swift; sourceTree = "<group>"; };
		26C590D7293ACA16002B611E /* DataStorage.swift */ = {isa = PBXFileReference; lastKnownFileType = sourcecode.swift; path = DataStorage.swift; sourceTree = "<group>"; };
		5286CB1C69CA81888018D808 /* Pods-PoliteCoreData_Example.release.xcconfig */ = {isa = PBXFileReference; includeInIndex = 1; lastKnownFileType = text.xcconfig; name = "Pods-PoliteCoreData_Example.release.xcconfig"; path = "Target Support Files/Pods-PoliteCoreData_Example/Pods-PoliteCoreData_Example.release.xcconfig"; sourceTree = "<group>"; };
		707F79F1CA4DC4283D66EACD /* Pods-PoliteCoreData_Example.debug.xcconfig */ = {isa = PBXFileReference; includeInIndex = 1; lastKnownFileType = text.xcconfig; name = "Pods-PoliteCoreData_Example.debug.xcconfig"; path = "Target Support Files/Pods-PoliteCoreData_Example/Pods-PoliteCoreData_Example.debug.xcconfig"; sourceTree = "<group>"; };
		A541B2E92CFD670100D0F087 /* MigrationTestNames.xcdatamodel */ = {isa = PBXFileReference; lastKnownFileType = wrapper.xcdatamodel; path = MigrationTestNames.xcdatamodel; sourceTree = "<group>"; };
		A541B2EB2CFD67A000D0F087 /* MigrationTestNames_1.xcdatamodel */ = {isa = PBXFileReference; lastKnownFileType = wrapper.xcdatamodel; path = MigrationTestNames_1.xcdatamodel; sourceTree = "<group>"; };
		A541B2F72CFD71DC00D0F087 /* MigrationTestNames_2.xcdatamodel */ = {isa = PBXFileReference; lastKnownFileType = wrapper.xcdatamodel; path = MigrationTestNames_2.xcdatamodel; sourceTree = "<group>"; };
		A541B2F82CFD71EC00D0F087 /* MigrationTestNames_3.xcdatamodel */ = {isa = PBXFileReference; lastKnownFileType = wrapper.xcdatamodel; path = MigrationTestNames_3.xcdatamodel; sourceTree = "<group>"; };
		A541B2F92CFD726B00D0F087 /* MigrationTestNames_v1_to_v2.xcmappingmodel */ = {isa = PBXFileReference; lastKnownFileType = wrapper.xcmappingmodel; path = MigrationTestNames_v1_to_v2.xcmappingmodel; sourceTree = "<group>"; };
		A541B2FB2CFD72DC00D0F087 /* MigrationTestNames_v2_to_v3.xcmappingmodel */ = {isa = PBXFileReference; lastKnownFileType = wrapper.xcmappingmodel; path = MigrationTestNames_v2_to_v3.xcmappingmodel; sourceTree = "<group>"; };
/* End PBXFileReference section */

/* Begin PBXFrameworksBuildPhase section */
		1741922E2886B70A00161123 /* Frameworks */ = {
			isa = PBXFrameworksBuildPhase;
			buildActionMask = 2147483647;
			files = (
				174192812886C8FD00161123 /* PoliteCoreData_Framework.framework in Frameworks */,
				853405BAB107125E2950A6CC /* Pods_PoliteCoreData_Example.framework in Frameworks */,
			);
			runOnlyForDeploymentPostprocessing = 0;
		};
		17DBBB55288EB1F40076FE44 /* Frameworks */ = {
			isa = PBXFrameworksBuildPhase;
			buildActionMask = 2147483647;
			files = (
			);
			runOnlyForDeploymentPostprocessing = 0;
		};
/* End PBXFrameworksBuildPhase section */

/* Begin PBXGroup section */
		174192282886B70A00161123 = {
			isa = PBXGroup;
			children = (
				174192332886B70A00161123 /* PoliteCoreData_Example */,
				17DBBB64288EB3EF0076FE44 /* PoliteCoreDataTests */,
				174192322886B70A00161123 /* Products */,
				DD8BF46F830F02B8D0A64175 /* Pods */,
				B35F5C6CC23DE2C468394B27 /* Frameworks */,
			);
			sourceTree = "<group>";
		};
		174192322886B70A00161123 /* Products */ = {
			isa = PBXGroup;
			children = (
				174192312886B70A00161123 /* PoliteCoreData_Example.app */,
				17DBBB58288EB1F40076FE44 /* PoliteCoreDataTests.xctest */,
			);
			name = Products;
			sourceTree = "<group>";
		};
		174192332886B70A00161123 /* PoliteCoreData_Example */ = {
			isa = PBXGroup;
			children = (
				174192342886B70A00161123 /* AppDelegate.swift */,
				17B679D6288966C6007ED061 /* CoreData */,
				6B9CC1AA28D8643100DE744A /* Resources */,
				6B9CC1AC28D8645700DE744A /* UI */,
			);
			path = PoliteCoreData_Example;
			sourceTree = "<group>";
		};
		17B679D6288966C6007ED061 /* CoreData */ = {
			isa = PBXGroup;
			children = (
				17DBBB48288EAD970076FE44 /* CDEntity+Update.swift */,
				17DBBB47288EAD970076FE44 /* CDExampleEntity+CoreDataClass.swift */,
				17DBBB46288EAD970076FE44 /* CDExampleEntity+CoreDataProperties.swift */,
				17DBBB49288EAD970076FE44 /* ExampleEntity.swift */,
			);
			path = CoreData;
			sourceTree = "<group>";
		};
		17DBBB64288EB3EF0076FE44 /* PoliteCoreDataTests */ = {
			isa = PBXGroup;
			children = (
				17DBBB65288EB3EF0076FE44 /* PoliteCoreDataTests.swift */,
				A541B2E82CFD670100D0F087 /* MigrationTestNames.xcdatamodeld */,
				A541B2F92CFD726B00D0F087 /* MigrationTestNames_v1_to_v2.xcmappingmodel */,
				A541B2FB2CFD72DC00D0F087 /* MigrationTestNames_v2_to_v3.xcmappingmodel */,
				17DBBB6B288EB4730076FE44 /* MigrationTestIds.xcdatamodeld */,
				17DBBB76288EB4730076FE44 /* Model_v1_to_v2_ids.xcmappingmodel */,
				17DBBB77288EB4730076FE44 /* Model_v2_to_v3_ids.xcmappingmodel */,
				17DBBB68288EB4330076FE44 /* V1_to_V2_MigrationPolicy.swift */,
				17DBBB67288EB4330076FE44 /* V2_to_V3_MigrationPolicy.swift */,
			);
			path = PoliteCoreDataTests;
			sourceTree = "<group>";
		};
		6B9CC1AA28D8643100DE744A /* Resources */ = {
			isa = PBXGroup;
			children = (
				174192422886B70C00161123 /* Info.plist */,
				1741923D2886B70C00161123 /* Assets.xcassets */,
				17DBBB4F288EAEB80076FE44 /* CoreDataExample.xcdatamodeld */,
				6B9CC1AB28D8643B00DE744A /* UI */,
			);
			path = Resources;
			sourceTree = "<group>";
		};
		6B9CC1AB28D8643B00DE744A /* UI */ = {
			isa = PBXGroup;
			children = (
				1741923F2886B70C00161123 /* LaunchScreen.storyboard */,
				1741923A2886B70A00161123 /* Main.storyboard */,
			);
			path = UI;
			sourceTree = "<group>";
		};
		6B9CC1AC28D8645700DE744A /* UI */ = {
			isa = PBXGroup;
			children = (
				26C590D7293ACA16002B611E /* DataStorage.swift */,
				17F2268F2938C33600D604D2 /* HostingViewController.swift */,
				17DBBB52288EB08E0076FE44 /* ExampleCoreDataViewController.swift */,
				269712C1299CDB5400756DA4 /* ExampleCoreDataInteractor.swift */,
				17F226912938C69700D604D2 /* SwiftUIView.swift */,
			);
			path = UI;
			sourceTree = "<group>";
		};
		B35F5C6CC23DE2C468394B27 /* Frameworks */ = {
			isa = PBXGroup;
			children = (
				174192802886C8FD00161123 /* PoliteCoreData_Framework.framework */,
				1878DC54E33B1420D93B8314 /* Pods_PoliteCoreData_Example.framework */,
			);
			name = Frameworks;
			sourceTree = "<group>";
		};
		DD8BF46F830F02B8D0A64175 /* Pods */ = {
			isa = PBXGroup;
			children = (
				707F79F1CA4DC4283D66EACD /* Pods-PoliteCoreData_Example.debug.xcconfig */,
				5286CB1C69CA81888018D808 /* Pods-PoliteCoreData_Example.release.xcconfig */,
			);
			path = Pods;
			sourceTree = "<group>";
		};
/* End PBXGroup section */

/* Begin PBXNativeTarget section */
		174192302886B70A00161123 /* PoliteCoreData_Example */ = {
			isa = PBXNativeTarget;
			buildConfigurationList = 174192452886B70C00161123 /* Build configuration list for PBXNativeTarget "PoliteCoreData_Example" */;
			buildPhases = (
				43522B8AE5C31B3C25946416 /* [CP] Check Pods Manifest.lock */,
				174192592886BAAB00161123 /* Swiftlint */,
				1741922D2886B70A00161123 /* Sources */,
				1741922E2886B70A00161123 /* Frameworks */,
				1741922F2886B70A00161123 /* Resources */,
				174192832886C8FD00161123 /* Embed Frameworks */,
				234425672556CE77BD8AE5AD /* [CP] Embed Pods Frameworks */,
			);
			buildRules = (
			);
			dependencies = (
			);
			name = PoliteCoreData_Example;
			productName = PoliteCoreData_Example;
			productReference = 174192312886B70A00161123 /* PoliteCoreData_Example.app */;
			productType = "com.apple.product-type.application";
		};
		17DBBB57288EB1F40076FE44 /* PoliteCoreDataTests */ = {
			isa = PBXNativeTarget;
			buildConfigurationList = 17DBBB5E288EB1F40076FE44 /* Build configuration list for PBXNativeTarget "PoliteCoreDataTests" */;
			buildPhases = (
				17DBBB54288EB1F40076FE44 /* Sources */,
				17DBBB55288EB1F40076FE44 /* Frameworks */,
				17DBBB56288EB1F40076FE44 /* Resources */,
			);
			buildRules = (
			);
			dependencies = (
				17DBBB5D288EB1F40076FE44 /* PBXTargetDependency */,
			);
			name = PoliteCoreDataTests;
			productName = PoliteCoreData_ExampleTests;
			productReference = 17DBBB58288EB1F40076FE44 /* PoliteCoreDataTests.xctest */;
			productType = "com.apple.product-type.bundle.unit-test";
		};
/* End PBXNativeTarget section */

/* Begin PBXProject section */
		174192292886B70A00161123 /* Project object */ = {
			isa = PBXProject;
			attributes = {
				BuildIndependentTargetsInParallel = 1;
				LastSwiftUpdateCheck = 1330;
				LastUpgradeCheck = 1610;
				TargetAttributes = {
					174192302886B70A00161123 = {
						CreatedOnToolsVersion = 13.3.1;
					};
					17DBBB57288EB1F40076FE44 = {
						CreatedOnToolsVersion = 13.3.1;
						TestTargetID = 174192302886B70A00161123;
					};
				};
			};
			buildConfigurationList = 1741922C2886B70A00161123 /* Build configuration list for PBXProject "PoliteCoreData_Example" */;
			compatibilityVersion = "Xcode 13.0";
			developmentRegion = en;
			hasScannedForEncodings = 0;
			knownRegions = (
				en,
				Base,
			);
			mainGroup = 174192282886B70A00161123;
			productRefGroup = 174192322886B70A00161123 /* Products */;
			projectDirPath = "";
			projectRoot = "";
			targets = (
				174192302886B70A00161123 /* PoliteCoreData_Example */,
				17DBBB57288EB1F40076FE44 /* PoliteCoreDataTests */,
			);
		};
/* End PBXProject section */

/* Begin PBXResourcesBuildPhase section */
		1741922F2886B70A00161123 /* Resources */ = {
			isa = PBXResourcesBuildPhase;
			buildActionMask = 2147483647;
			files = (
				174192412886B70C00161123 /* LaunchScreen.storyboard in Resources */,
				1741923E2886B70C00161123 /* Assets.xcassets in Resources */,
				1741923C2886B70A00161123 /* Main.storyboard in Resources */,
			);
			runOnlyForDeploymentPostprocessing = 0;
		};
		17DBBB56288EB1F40076FE44 /* Resources */ = {
			isa = PBXResourcesBuildPhase;
			buildActionMask = 2147483647;
			files = (
			);
			runOnlyForDeploymentPostprocessing = 0;
		};
/* End PBXResourcesBuildPhase section */

/* Begin PBXShellScriptBuildPhase section */
		174192592886BAAB00161123 /* Swiftlint */ = {
			isa = PBXShellScriptBuildPhase;
			alwaysOutOfDate = 1;
			buildActionMask = 2147483647;
			files = (
			);
			inputFileListPaths = (
			);
			inputPaths = (
			);
			name = Swiftlint;
			outputFileListPaths = (
			);
			outputPaths = (
			);
			runOnlyForDeploymentPostprocessing = 0;
			shellPath = /bin/sh;
			shellScript = "#debug log\nset -x\n\n\"${PODS_ROOT}/SwiftLint/swiftlint\"\n";
		};
		234425672556CE77BD8AE5AD /* [CP] Embed Pods Frameworks */ = {
			isa = PBXShellScriptBuildPhase;
			buildActionMask = 2147483647;
			files = (
			);
			inputFileListPaths = (
				"${PODS_ROOT}/Target Support Files/Pods-PoliteCoreData_Example/Pods-PoliteCoreData_Example-frameworks-${CONFIGURATION}-input-files.xcfilelist",
			);
			name = "[CP] Embed Pods Frameworks";
			outputFileListPaths = (
				"${PODS_ROOT}/Target Support Files/Pods-PoliteCoreData_Example/Pods-PoliteCoreData_Example-frameworks-${CONFIGURATION}-output-files.xcfilelist",
			);
			runOnlyForDeploymentPostprocessing = 0;
			shellPath = /bin/sh;
			shellScript = "\"${PODS_ROOT}/Target Support Files/Pods-PoliteCoreData_Example/Pods-PoliteCoreData_Example-frameworks.sh\"\n";
			showEnvVarsInLog = 0;
		};
		43522B8AE5C31B3C25946416 /* [CP] Check Pods Manifest.lock */ = {
			isa = PBXShellScriptBuildPhase;
			buildActionMask = 2147483647;
			files = (
			);
			inputFileListPaths = (
			);
			inputPaths = (
				"${PODS_PODFILE_DIR_PATH}/Podfile.lock",
				"${PODS_ROOT}/Manifest.lock",
			);
			name = "[CP] Check Pods Manifest.lock";
			outputFileListPaths = (
			);
			outputPaths = (
				"$(DERIVED_FILE_DIR)/Pods-PoliteCoreData_Example-checkManifestLockResult.txt",
			);
			runOnlyForDeploymentPostprocessing = 0;
			shellPath = /bin/sh;
			shellScript = "diff \"${PODS_PODFILE_DIR_PATH}/Podfile.lock\" \"${PODS_ROOT}/Manifest.lock\" > /dev/null\nif [ $? != 0 ] ; then\n    # print error to STDERR\n    echo \"error: The sandbox is not in sync with the Podfile.lock. Run 'pod install' or update your CocoaPods installation.\" >&2\n    exit 1\nfi\n# This output is used by Xcode 'outputs' to avoid re-running this script phase.\necho \"SUCCESS\" > \"${SCRIPT_OUTPUT_FILE_0}\"\n";
			showEnvVarsInLog = 0;
		};
/* End PBXShellScriptBuildPhase section */

/* Begin PBXSourcesBuildPhase section */
		1741922D2886B70A00161123 /* Sources */ = {
			isa = PBXSourcesBuildPhase;
			buildActionMask = 2147483647;
			files = (
				A541B2F62CFD70BF00D0F087 /* MigrationTestNames.xcdatamodeld in Sources */,
				A541B2F52CFD70B700D0F087 /* MigrationTestIds.xcdatamodeld in Sources */,
				17DBBB4B288EAD970076FE44 /* CDExampleEntity+CoreDataProperties.swift in Sources */,
				17DBBB4E288EAD970076FE44 /* ExampleEntity.swift in Sources */,
				17F226922938C69700D604D2 /* SwiftUIView.swift in Sources */,
				26C590D8293ACA16002B611E /* DataStorage.swift in Sources */,
				17DBBB53288EB08E0076FE44 /* ExampleCoreDataViewController.swift in Sources */,
				17F226902938C33600D604D2 /* HostingViewController.swift in Sources */,
				17DBBB4D288EAD970076FE44 /* CDEntity+Update.swift in Sources */,
				17DBBB4C288EAD970076FE44 /* CDExampleEntity+CoreDataClass.swift in Sources */,
				269712C2299CDB5400756DA4 /* ExampleCoreDataInteractor.swift in Sources */,
				17DBBB51288EAEB80076FE44 /* CoreDataExample.xcdatamodeld in Sources */,
				174192352886B70A00161123 /* AppDelegate.swift in Sources */,
			);
			runOnlyForDeploymentPostprocessing = 0;
		};
		17DBBB54288EB1F40076FE44 /* Sources */ = {
			isa = PBXSourcesBuildPhase;
			buildActionMask = 2147483647;
			files = (
				17DBBB7D288EB4730076FE44 /* Model_v2_to_v3_ids.xcmappingmodel in Sources */,
				A541B2FC2CFD72DC00D0F087 /* MigrationTestNames_v2_to_v3.xcmappingmodel in Sources */,
				17DBBB7C288EB4730076FE44 /* Model_v1_to_v2_ids.xcmappingmodel in Sources */,
				A541B2FA2CFD726B00D0F087 /* MigrationTestNames_v1_to_v2.xcmappingmodel in Sources */,
				17DBBB6A288EB4330076FE44 /* V1_to_V2_MigrationPolicy.swift in Sources */,
				17DBBB69288EB4330076FE44 /* V2_to_V3_MigrationPolicy.swift in Sources */,
				17DBBB66288EB3EF0076FE44 /* PoliteCoreDataTests.swift in Sources */,
				17DBBB79288EB4730076FE44 /* MigrationTestIds.xcdatamodeld in Sources */,
				A541B2EA2CFD670100D0F087 /* MigrationTestNames.xcdatamodeld in Sources */,
			);
			runOnlyForDeploymentPostprocessing = 0;
		};
/* End PBXSourcesBuildPhase section */

/* Begin PBXTargetDependency section */
		17DBBB5D288EB1F40076FE44 /* PBXTargetDependency */ = {
			isa = PBXTargetDependency;
			target = 174192302886B70A00161123 /* PoliteCoreData_Example */;
			targetProxy = 17DBBB5C288EB1F40076FE44 /* PBXContainerItemProxy */;
		};
/* End PBXTargetDependency section */

/* Begin PBXVariantGroup section */
		1741923A2886B70A00161123 /* Main.storyboard */ = {
			isa = PBXVariantGroup;
			children = (
				1741923B2886B70A00161123 /* Base */,
			);
			name = Main.storyboard;
			sourceTree = "<group>";
		};
		1741923F2886B70C00161123 /* LaunchScreen.storyboard */ = {
			isa = PBXVariantGroup;
			children = (
				174192402886B70C00161123 /* Base */,
			);
			name = LaunchScreen.storyboard;
			sourceTree = "<group>";
		};
/* End PBXVariantGroup section */

/* Begin XCBuildConfiguration section */
		174192432886B70C00161123 /* Debug */ = {
			isa = XCBuildConfiguration;
			buildSettings = {
				ALWAYS_SEARCH_USER_PATHS = NO;
				CLANG_ANALYZER_NONNULL = YES;
				CLANG_ANALYZER_NUMBER_OBJECT_CONVERSION = YES_AGGRESSIVE;
				CLANG_CXX_LANGUAGE_STANDARD = "gnu++17";
				CLANG_ENABLE_MODULES = YES;
				CLANG_ENABLE_OBJC_ARC = YES;
				CLANG_ENABLE_OBJC_WEAK = YES;
				CLANG_WARN_BLOCK_CAPTURE_AUTORELEASING = YES;
				CLANG_WARN_BOOL_CONVERSION = YES;
				CLANG_WARN_COMMA = YES;
				CLANG_WARN_CONSTANT_CONVERSION = YES;
				CLANG_WARN_DEPRECATED_OBJC_IMPLEMENTATIONS = YES;
				CLANG_WARN_DIRECT_OBJC_ISA_USAGE = YES_ERROR;
				CLANG_WARN_DOCUMENTATION_COMMENTS = YES;
				CLANG_WARN_EMPTY_BODY = YES;
				CLANG_WARN_ENUM_CONVERSION = YES;
				CLANG_WARN_INFINITE_RECURSION = YES;
				CLANG_WARN_INT_CONVERSION = YES;
				CLANG_WARN_NON_LITERAL_NULL_CONVERSION = YES;
				CLANG_WARN_OBJC_IMPLICIT_RETAIN_SELF = YES;
				CLANG_WARN_OBJC_LITERAL_CONVERSION = YES;
				CLANG_WARN_OBJC_ROOT_CLASS = YES_ERROR;
				CLANG_WARN_QUOTED_INCLUDE_IN_FRAMEWORK_HEADER = YES;
				CLANG_WARN_RANGE_LOOP_ANALYSIS = YES;
				CLANG_WARN_STRICT_PROTOTYPES = YES;
				CLANG_WARN_SUSPICIOUS_MOVE = YES;
				CLANG_WARN_UNGUARDED_AVAILABILITY = YES_AGGRESSIVE;
				CLANG_WARN_UNREACHABLE_CODE = YES;
				CLANG_WARN__DUPLICATE_METHOD_MATCH = YES;
				COPY_PHASE_STRIP = NO;
				DEBUG_INFORMATION_FORMAT = dwarf;
				ENABLE_STRICT_OBJC_MSGSEND = YES;
				ENABLE_TESTABILITY = YES;
				GCC_C_LANGUAGE_STANDARD = gnu11;
				GCC_DYNAMIC_NO_PIC = NO;
				GCC_NO_COMMON_BLOCKS = YES;
				GCC_OPTIMIZATION_LEVEL = 0;
				GCC_PREPROCESSOR_DEFINITIONS = (
					"DEBUG=1",
					"$(inherited)",
				);
				GCC_WARN_64_TO_32_BIT_CONVERSION = YES;
				GCC_WARN_ABOUT_RETURN_TYPE = YES_ERROR;
				GCC_WARN_UNDECLARED_SELECTOR = YES;
				GCC_WARN_UNINITIALIZED_AUTOS = YES_AGGRESSIVE;
				GCC_WARN_UNUSED_FUNCTION = YES;
				GCC_WARN_UNUSED_VARIABLE = YES;
				IPHONEOS_DEPLOYMENT_TARGET = 15.0;
				MTL_ENABLE_DEBUG_INFO = INCLUDE_SOURCE;
				MTL_FAST_MATH = YES;
				ONLY_ACTIVE_ARCH = YES;
				SDKROOT = iphoneos;
				SWIFT_ACTIVE_COMPILATION_CONDITIONS = DEBUG;
				SWIFT_OPTIMIZATION_LEVEL = "-Onone";
			};
			name = Debug;
		};
		174192442886B70C00161123 /* Release */ = {
			isa = XCBuildConfiguration;
			buildSettings = {
				ALWAYS_SEARCH_USER_PATHS = NO;
				CLANG_ANALYZER_NONNULL = YES;
				CLANG_ANALYZER_NUMBER_OBJECT_CONVERSION = YES_AGGRESSIVE;
				CLANG_CXX_LANGUAGE_STANDARD = "gnu++17";
				CLANG_ENABLE_MODULES = YES;
				CLANG_ENABLE_OBJC_ARC = YES;
				CLANG_ENABLE_OBJC_WEAK = YES;
				CLANG_WARN_BLOCK_CAPTURE_AUTORELEASING = YES;
				CLANG_WARN_BOOL_CONVERSION = YES;
				CLANG_WARN_COMMA = YES;
				CLANG_WARN_CONSTANT_CONVERSION = YES;
				CLANG_WARN_DEPRECATED_OBJC_IMPLEMENTATIONS = YES;
				CLANG_WARN_DIRECT_OBJC_ISA_USAGE = YES_ERROR;
				CLANG_WARN_DOCUMENTATION_COMMENTS = YES;
				CLANG_WARN_EMPTY_BODY = YES;
				CLANG_WARN_ENUM_CONVERSION = YES;
				CLANG_WARN_INFINITE_RECURSION = YES;
				CLANG_WARN_INT_CONVERSION = YES;
				CLANG_WARN_NON_LITERAL_NULL_CONVERSION = YES;
				CLANG_WARN_OBJC_IMPLICIT_RETAIN_SELF = YES;
				CLANG_WARN_OBJC_LITERAL_CONVERSION = YES;
				CLANG_WARN_OBJC_ROOT_CLASS = YES_ERROR;
				CLANG_WARN_QUOTED_INCLUDE_IN_FRAMEWORK_HEADER = YES;
				CLANG_WARN_RANGE_LOOP_ANALYSIS = YES;
				CLANG_WARN_STRICT_PROTOTYPES = YES;
				CLANG_WARN_SUSPICIOUS_MOVE = YES;
				CLANG_WARN_UNGUARDED_AVAILABILITY = YES_AGGRESSIVE;
				CLANG_WARN_UNREACHABLE_CODE = YES;
				CLANG_WARN__DUPLICATE_METHOD_MATCH = YES;
				COPY_PHASE_STRIP = NO;
				DEBUG_INFORMATION_FORMAT = "dwarf-with-dsym";
				ENABLE_NS_ASSERTIONS = NO;
				ENABLE_STRICT_OBJC_MSGSEND = YES;
				GCC_C_LANGUAGE_STANDARD = gnu11;
				GCC_NO_COMMON_BLOCKS = YES;
				GCC_WARN_64_TO_32_BIT_CONVERSION = YES;
				GCC_WARN_ABOUT_RETURN_TYPE = YES_ERROR;
				GCC_WARN_UNDECLARED_SELECTOR = YES;
				GCC_WARN_UNINITIALIZED_AUTOS = YES_AGGRESSIVE;
				GCC_WARN_UNUSED_FUNCTION = YES;
				GCC_WARN_UNUSED_VARIABLE = YES;
				IPHONEOS_DEPLOYMENT_TARGET = 15.0;
				MTL_ENABLE_DEBUG_INFO = NO;
				MTL_FAST_MATH = YES;
				SDKROOT = iphoneos;
				SWIFT_COMPILATION_MODE = wholemodule;
				SWIFT_OPTIMIZATION_LEVEL = "-O";
				VALIDATE_PRODUCT = YES;
			};
			name = Release;
		};
		174192462886B70C00161123 /* Debug */ = {
			isa = XCBuildConfiguration;
			baseConfigurationReference = 707F79F1CA4DC4283D66EACD /* Pods-PoliteCoreData_Example.debug.xcconfig */;
			buildSettings = {
				ASSETCATALOG_COMPILER_APPICON_NAME = AppIcon;
				ASSETCATALOG_COMPILER_GLOBAL_ACCENT_COLOR_NAME = AccentColor;
				CODE_SIGN_STYLE = Automatic;
				CURRENT_PROJECT_VERSION = 1;
				DEVELOPMENT_TEAM = MW2UF479VW;
				GENERATE_INFOPLIST_FILE = YES;
				INFOPLIST_FILE = PoliteCoreData_Example/Resources/Info.plist;
				INFOPLIST_KEY_UIApplicationSupportsIndirectInputEvents = YES;
				INFOPLIST_KEY_UILaunchStoryboardName = LaunchScreen;
				INFOPLIST_KEY_UIMainStoryboardFile = Main;
				INFOPLIST_KEY_UISupportedInterfaceOrientations = "UIInterfaceOrientationPortrait UIInterfaceOrientationLandscapeLeft UIInterfaceOrientationLandscapeRight";
				INFOPLIST_KEY_UISupportedInterfaceOrientations_iPad = "UIInterfaceOrientationPortrait UIInterfaceOrientationPortraitUpsideDown UIInterfaceOrientationLandscapeLeft UIInterfaceOrientationLandscapeRight";
				INFOPLIST_KEY_UISupportedInterfaceOrientations_iPhone = "UIInterfaceOrientationPortrait UIInterfaceOrientationLandscapeLeft UIInterfaceOrientationLandscapeRight";
				LD_RUNPATH_SEARCH_PATHS = (
					"$(inherited)",
					"@executable_path/Frameworks",
				);
				MARKETING_VERSION = 1.0;
				PRODUCT_BUNDLE_IDENTIFIER = "com.shakuro.PoliteCoreData-Example";
				PRODUCT_NAME = "$(TARGET_NAME)";
				SWIFT_EMIT_LOC_STRINGS = YES;
				SWIFT_VERSION = 5.0;
				TARGETED_DEVICE_FAMILY = "1,2";
			};
			name = Debug;
		};
		174192472886B70C00161123 /* Release */ = {
			isa = XCBuildConfiguration;
			baseConfigurationReference = 5286CB1C69CA81888018D808 /* Pods-PoliteCoreData_Example.release.xcconfig */;
			buildSettings = {
				ASSETCATALOG_COMPILER_APPICON_NAME = AppIcon;
				ASSETCATALOG_COMPILER_GLOBAL_ACCENT_COLOR_NAME = AccentColor;
				CODE_SIGN_STYLE = Automatic;
				CURRENT_PROJECT_VERSION = 1;
				DEVELOPMENT_TEAM = MW2UF479VW;
				GENERATE_INFOPLIST_FILE = YES;
				INFOPLIST_FILE = PoliteCoreData_Example/Resources/Info.plist;
				INFOPLIST_KEY_UIApplicationSupportsIndirectInputEvents = YES;
				INFOPLIST_KEY_UILaunchStoryboardName = LaunchScreen;
				INFOPLIST_KEY_UIMainStoryboardFile = Main;
				INFOPLIST_KEY_UISupportedInterfaceOrientations = "UIInterfaceOrientationPortrait UIInterfaceOrientationLandscapeLeft UIInterfaceOrientationLandscapeRight";
				INFOPLIST_KEY_UISupportedInterfaceOrientations_iPad = "UIInterfaceOrientationPortrait UIInterfaceOrientationPortraitUpsideDown UIInterfaceOrientationLandscapeLeft UIInterfaceOrientationLandscapeRight";
				INFOPLIST_KEY_UISupportedInterfaceOrientations_iPhone = "UIInterfaceOrientationPortrait UIInterfaceOrientationLandscapeLeft UIInterfaceOrientationLandscapeRight";
				LD_RUNPATH_SEARCH_PATHS = (
					"$(inherited)",
					"@executable_path/Frameworks",
				);
				MARKETING_VERSION = 1.0;
				PRODUCT_BUNDLE_IDENTIFIER = "com.shakuro.PoliteCoreData-Example";
				PRODUCT_NAME = "$(TARGET_NAME)";
				SWIFT_EMIT_LOC_STRINGS = YES;
				SWIFT_VERSION = 5.0;
				TARGETED_DEVICE_FAMILY = "1,2";
			};
			name = Release;
		};
		17DBBB5F288EB1F40076FE44 /* Debug */ = {
			isa = XCBuildConfiguration;
			buildSettings = {
				BUNDLE_LOADER = "$(TEST_HOST)";
				CODE_SIGN_STYLE = Automatic;
				CURRENT_PROJECT_VERSION = 1;
				DEVELOPMENT_TEAM = MW2UF479VW;
				GENERATE_INFOPLIST_FILE = YES;
				IPHONEOS_DEPLOYMENT_TARGET = 15.0;
				MARKETING_VERSION = 1.0;
				PRODUCT_BUNDLE_IDENTIFIER = com.shakuro.PoliteCoreDataTests;
				PRODUCT_NAME = "$(TARGET_NAME)";
				SWIFT_EMIT_LOC_STRINGS = NO;
				SWIFT_VERSION = 5.0;
				TARGETED_DEVICE_FAMILY = "1,2";
				TEST_HOST = "$(BUILT_PRODUCTS_DIR)/PoliteCoreData_Example.app/PoliteCoreData_Example";
			};
			name = Debug;
		};
		17DBBB60288EB1F40076FE44 /* Release */ = {
			isa = XCBuildConfiguration;
			buildSettings = {
				BUNDLE_LOADER = "$(TEST_HOST)";
				CODE_SIGN_STYLE = Automatic;
				CURRENT_PROJECT_VERSION = 1;
				DEVELOPMENT_TEAM = MW2UF479VW;
				GENERATE_INFOPLIST_FILE = YES;
				IPHONEOS_DEPLOYMENT_TARGET = 15.0;
				MARKETING_VERSION = 1.0;
				PRODUCT_BUNDLE_IDENTIFIER = com.shakuro.PoliteCoreDataTests;
				PRODUCT_NAME = "$(TARGET_NAME)";
				SWIFT_EMIT_LOC_STRINGS = NO;
				SWIFT_VERSION = 5.0;
				TARGETED_DEVICE_FAMILY = "1,2";
				TEST_HOST = "$(BUILT_PRODUCTS_DIR)/PoliteCoreData_Example.app/PoliteCoreData_Example";
			};
			name = Release;
		};
/* End XCBuildConfiguration section */

/* Begin XCConfigurationList section */
		1741922C2886B70A00161123 /* Build configuration list for PBXProject "PoliteCoreData_Example" */ = {
			isa = XCConfigurationList;
			buildConfigurations = (
				174192432886B70C00161123 /* Debug */,
				174192442886B70C00161123 /* Release */,
			);
			defaultConfigurationIsVisible = 0;
			defaultConfigurationName = Release;
		};
		174192452886B70C00161123 /* Build configuration list for PBXNativeTarget "PoliteCoreData_Example" */ = {
			isa = XCConfigurationList;
			buildConfigurations = (
				174192462886B70C00161123 /* Debug */,
				174192472886B70C00161123 /* Release */,
			);
			defaultConfigurationIsVisible = 0;
			defaultConfigurationName = Release;
		};
		17DBBB5E288EB1F40076FE44 /* Build configuration list for PBXNativeTarget "PoliteCoreDataTests" */ = {
			isa = XCConfigurationList;
			buildConfigurations = (
				17DBBB5F288EB1F40076FE44 /* Debug */,
				17DBBB60288EB1F40076FE44 /* Release */,
			);
			defaultConfigurationIsVisible = 0;
			defaultConfigurationName = Release;
		};
/* End XCConfigurationList section */

/* Begin XCVersionGroup section */
		17DBBB4F288EAEB80076FE44 /* CoreDataExample.xcdatamodeld */ = {
			isa = XCVersionGroup;
			children = (
				17DBBB50288EAEB80076FE44 /* Model.xcdatamodel */,
			);
			currentVersion = 17DBBB50288EAEB80076FE44 /* Model.xcdatamodel */;
			path = CoreDataExample.xcdatamodeld;
			sourceTree = "<group>";
			versionGroupType = wrapper.xcdatamodel;
		};
		17DBBB6B288EB4730076FE44 /* MigrationTestIds.xcdatamodeld */ = {
			isa = XCVersionGroup;
			children = (
				17DBBB6C288EB4730076FE44 /* MigrationTestIds_3.xcdatamodel */,
				17DBBB6D288EB4730076FE44 /* MigrationTestIds_2.xcdatamodel */,
				17DBBB6E288EB4730076FE44 /* MigrationTestIds.xcdatamodel */,
				17DBBB6F288EB4730076FE44 /* MigrationTestIds_1.xcdatamodel */,
			);
			currentVersion = 17DBBB6C288EB4730076FE44 /* MigrationTestIds_3.xcdatamodel */;
			path = MigrationTestIds.xcdatamodeld;
			sourceTree = "<group>";
			versionGroupType = wrapper.xcdatamodel;
		};
		A541B2E82CFD670100D0F087 /* MigrationTestNames.xcdatamodeld */ = {
			isa = XCVersionGroup;
			children = (
				A541B2F82CFD71EC00D0F087 /* MigrationTestNames_3.xcdatamodel */,
				A541B2F72CFD71DC00D0F087 /* MigrationTestNames_2.xcdatamodel */,
				A541B2EB2CFD67A000D0F087 /* MigrationTestNames_1.xcdatamodel */,
				A541B2E92CFD670100D0F087 /* MigrationTestNames.xcdatamodel */,
			);
			currentVersion = A541B2F82CFD71EC00D0F087 /* MigrationTestNames_3.xcdatamodel */;
			path = MigrationTestNames.xcdatamodeld;
			sourceTree = "<group>";
			versionGroupType = wrapper.xcdatamodel;
		};
/* End XCVersionGroup section */
	};
	rootObject = 174192292886B70A00161123 /* Project object */;
}
