PODS:
  - Shakuro.CommonTypes (1.9.0)
  - SwiftLint (0.57.1)

DEPENDENCIES:
  - Shakuro.CommonTypes (= 1.9.0)
  - SwiftLint (= 0.57.1)

SPEC REPOS:
  https://github.com/CocoaPods/Specs.git:
    - Shakuro.CommonTypes
    - SwiftLint

SPEC CHECKSUMS:
  Shakuro.CommonTypes: 404efffa4cd583cce2c293ae8182724f24078411
  SwiftLint: 92196976e597b9afec5dbe374810103e6c1d9d7c

PODFILE CHECKSUM: b22f368454635002e283fb245544e91ec9a0504b

COCOAPODS: 1.15.2
