PODS:
  - Shakuro.CommonTypes (1.9.1)
  - SwiftLint (0.57.1)

DEPENDENCIES:
  - Shakuro.CommonTypes (= 1.9.1)
  - SwiftLint (= 0.57.1)

SPEC REPOS:
  https://github.com/CocoaPods/Specs.git:
    - Shakuro.CommonTypes
    - SwiftLint

SPEC CHECKSUMS:
  Shakuro.CommonTypes: f7f150959b16c7600e89f1482b86407f24473bd6
  SwiftLint: 92196976e597b9afec5dbe374810103e6c1d9d7c

PODFILE CHECKSUM: 3d88f96b465954b02f49d818d5c0088e7f750775

COCOAPODS: 1.16.2
