PODS:
  - Shakuro.CommonTypes (1.1.6)
  - SwiftLint (0.53.0)

DEPENDENCIES:
  - Shakuro.CommonTypes (= 1.1.6)
  - SwiftLint (= 0.53.0)

SPEC REPOS:
  https://github.com/CocoaPods/Specs.git:
    - Shakuro.CommonTypes
    - SwiftLint

SPEC CHECKSUMS:
  Shakuro.CommonTypes: b0fd16614413f3dd9b9cc077cf7b90e9e3bffb94
  SwiftLint: 5ce4d6a8ff83f1b5fd5ad5dbf30965d35af65e44

PODFILE CHECKSUM: c4e8dfa4b14c84a02bc9de43b223a129c42c5429

COCOAPODS: 1.15.2
