// !$*UTF8*$!
{
	archiveVersion = 1;
	classes = {
	};
	objectVersion = 55;
	objects = {

/* Begin PBXBuildFile section */
		1741921F2886AD2A00161123 /* PoliteCoreData_Framework.h in Headers */ = {isa = PBXBuildFile; fileRef = 1741921E2886AD2A00161123 /* PoliteCoreData_Framework.h */; settings = {ATTRIBUTES = (Public, ); }; };
		174192502886B86400161123 /* PredicateConvertible.swift in Sources */ = {isa = PBXBuildFile; fileRef = 174192492886B86400161123 /* PredicateConvertible.swift */; };
		174192512886B86400161123 /* ManagedEntity.swift in Sources */ = {isa = PBXBuildFile; fileRef = 1741924A2886B86400161123 /* ManagedEntity.swift */; };
		174192522886B86400161123 /* PoliteCoreStorage+EntityIdentifier.swift in Sources */ = {isa = PBXBuildFile; fileRef = 1741924B2886B86400161123 /* PoliteCoreStorage+EntityIdentifier.swift */; };
		174192532886B86400161123 /* NSManagedObject+Update.swift in Sources */ = {isa = PBXBuildFile; fileRef = 1741924C2886B86400161123 /* NSManagedObject+Update.swift */; };
		174192542886B86400161123 /* SingleObjectFetchedResultController.swift in Sources */ = {isa = PBXBuildFile; fileRef = 1741924D2886B86400161123 /* SingleObjectFetchedResultController.swift */; };
		174192552886B86400161123 /* FetchedResultsController.swift in Sources */ = {isa = PBXBuildFile; fileRef = 1741924E2886B86400161123 /* FetchedResultsController.swift */; };
		174192562886B86400161123 /* PoliteCoreStorage.swift in Sources */ = {isa = PBXBuildFile; fileRef = 1741924F2886B86400161123 /* PoliteCoreStorage.swift */; };
		1741925B2886BF6200161123 /* Shakuro.PoliteCoreData.podspec in Resources */ = {isa = PBXBuildFile; fileRef = 1741925A2886BF6200161123 /* Shakuro.PoliteCoreData.podspec */; };
		AEF262BE9843D490169DE1C1 /* Pods_PoliteCoreData_Framework.framework in Frameworks */ = {isa = PBXBuildFile; fileRef = A9A0FAA5CCFBEBACE80B5468 /* Pods_PoliteCoreData_Framework.framework */; };
/* End PBXBuildFile section */

/* Begin PBXFileReference section */
		1741921B2886AD2A00161123 /* PoliteCoreData_Framework.framework */ = {isa = PBXFileReference; explicitFileType = wrapper.framework; includeInIndex = 0; path = PoliteCoreData_Framework.framework; sourceTree = BUILT_PRODUCTS_DIR; };
		1741921E2886AD2A00161123 /* PoliteCoreData_Framework.h */ = {isa = PBXFileReference; lastKnownFileType = sourcecode.c.h; path = PoliteCoreData_Framework.h; sourceTree = "<group>"; };
		174192252886AD9600161123 /* Info.plist */ = {isa = PBXFileReference; lastKnownFileType = text.plist.xml; path = Info.plist; sourceTree = "<group>"; };
		174192492886B86400161123 /* PredicateConvertible.swift */ = {isa = PBXFileReference; fileEncoding = 4; lastKnownFileType = sourcecode.swift; path = PredicateConvertible.swift; sourceTree = "<group>"; };
		1741924A2886B86400161123 /* ManagedEntity.swift */ = {isa = PBXFileReference; fileEncoding = 4; lastKnownFileType = sourcecode.swift; path = ManagedEntity.swift; sourceTree = "<group>"; };
		1741924B2886B86400161123 /* PoliteCoreStorage+EntityIdentifier.swift */ = {isa = PBXFileReference; fileEncoding = 4; lastKnownFileType = sourcecode.swift; path = "PoliteCoreStorage+EntityIdentifier.swift"; sourceTree = "<group>"; };
		1741924C2886B86400161123 /* NSManagedObject+Update.swift */ = {isa = PBXFileReference; fileEncoding = 4; lastKnownFileType = sourcecode.swift; path = "NSManagedObject+Update.swift"; sourceTree = "<group>"; };
		1741924D2886B86400161123 /* SingleObjectFetchedResultController.swift */ = {isa = PBXFileReference; fileEncoding = 4; lastKnownFileType = sourcecode.swift; path = SingleObjectFetchedResultController.swift; sourceTree = "<group>"; };
		1741924E2886B86400161123 /* FetchedResultsController.swift */ = {isa = PBXFileReference; fileEncoding = 4; lastKnownFileType = sourcecode.swift; path = FetchedResultsController.swift; sourceTree = "<group>"; };
		1741924F2886B86400161123 /* PoliteCoreStorage.swift */ = {isa = PBXFileReference; fileEncoding = 4; lastKnownFileType = sourcecode.swift; path = PoliteCoreStorage.swift; sourceTree = "<group>"; };
		174192572886B9FF00161123 /* LICENSE.md */ = {isa = PBXFileReference; lastKnownFileType = net.daringfireball.markdown; path = LICENSE.md; sourceTree = "<group>"; };
		174192582886B9FF00161123 /* README.md */ = {isa = PBXFileReference; lastKnownFileType = net.daringfireball.markdown; path = README.md; sourceTree = "<group>"; };
		1741925A2886BF6200161123 /* Shakuro.PoliteCoreData.podspec */ = {isa = PBXFileReference; explicitFileType = text.script.ruby; fileEncoding = 4; path = Shakuro.PoliteCoreData.podspec; sourceTree = "<group>"; };
		1CF27C4824D369BF5DDB4539 /* Pods-PoliteCoreData_Framework.release.xcconfig */ = {isa = PBXFileReference; includeInIndex = 1; lastKnownFileType = text.xcconfig; name = "Pods-PoliteCoreData_Framework.release.xcconfig"; path = "Target Support Files/Pods-PoliteCoreData_Framework/Pods-PoliteCoreData_Framework.release.xcconfig"; sourceTree = "<group>"; };
		A9A0FAA5CCFBEBACE80B5468 /* Pods_PoliteCoreData_Framework.framework */ = {isa = PBXFileReference; explicitFileType = wrapper.framework; includeInIndex = 0; path = Pods_PoliteCoreData_Framework.framework; sourceTree = BUILT_PRODUCTS_DIR; };
		C96EF585958B8B4077DB161E /* Pods-PoliteCoreData_Framework.debug.xcconfig */ = {isa = PBXFileReference; includeInIndex = 1; lastKnownFileType = text.xcconfig; name = "Pods-PoliteCoreData_Framework.debug.xcconfig"; path = "Target Support Files/Pods-PoliteCoreData_Framework/Pods-PoliteCoreData_Framework.debug.xcconfig"; sourceTree = "<group>"; };
/* End PBXFileReference section */

/* Begin PBXFrameworksBuildPhase section */
		174192182886AD2A00161123 /* Frameworks */ = {
			isa = PBXFrameworksBuildPhase;
			buildActionMask = 2147483647;
			files = (
				AEF262BE9843D490169DE1C1 /* Pods_PoliteCoreData_Framework.framework in Frameworks */,
			);
			runOnlyForDeploymentPostprocessing = 0;
		};
/* End PBXFrameworksBuildPhase section */

/* Begin PBXGroup section */
		174192112886AD2A00161123 = {
			isa = PBXGroup;
			children = (
				174192572886B9FF00161123 /* LICENSE.md */,
				174192582886B9FF00161123 /* README.md */,
				1741925A2886BF6200161123 /* Shakuro.PoliteCoreData.podspec */,
				1741921D2886AD2A00161123 /* PoliteCoreData_Framework */,
				174192482886B86400161123 /* Source */,
				1741921C2886AD2A00161123 /* Products */,
				58804367AB5E58605F4B0367 /* Pods */,
				A6A5F027DC193AB19BB7B0C3 /* Frameworks */,
			);
			sourceTree = "<group>";
		};
		1741921C2886AD2A00161123 /* Products */ = {
			isa = PBXGroup;
			children = (
				1741921B2886AD2A00161123 /* PoliteCoreData_Framework.framework */,
			);
			name = Products;
			sourceTree = "<group>";
		};
		1741921D2886AD2A00161123 /* PoliteCoreData_Framework */ = {
			isa = PBXGroup;
			children = (
				1741921E2886AD2A00161123 /* PoliteCoreData_Framework.h */,
				174192252886AD9600161123 /* Info.plist */,
			);
			path = PoliteCoreData_Framework;
			sourceTree = "<group>";
		};
		174192482886B86400161123 /* Source */ = {
			isa = PBXGroup;
			children = (
				174192492886B86400161123 /* PredicateConvertible.swift */,
				1741924A2886B86400161123 /* ManagedEntity.swift */,
				1741924B2886B86400161123 /* PoliteCoreStorage+EntityIdentifier.swift */,
				1741924C2886B86400161123 /* NSManagedObject+Update.swift */,
				1741924D2886B86400161123 /* SingleObjectFetchedResultController.swift */,
				1741924E2886B86400161123 /* FetchedResultsController.swift */,
				1741924F2886B86400161123 /* PoliteCoreStorage.swift */,
			);
			path = Source;
			sourceTree = "<group>";
		};
		58804367AB5E58605F4B0367 /* Pods */ = {
			isa = PBXGroup;
			children = (
				C96EF585958B8B4077DB161E /* Pods-PoliteCoreData_Framework.debug.xcconfig */,
				1CF27C4824D369BF5DDB4539 /* Pods-PoliteCoreData_Framework.release.xcconfig */,
			);
			path = Pods;
			sourceTree = "<group>";
		};
		A6A5F027DC193AB19BB7B0C3 /* Frameworks */ = {
			isa = PBXGroup;
			children = (
				A9A0FAA5CCFBEBACE80B5468 /* Pods_PoliteCoreData_Framework.framework */,
			);
			name = Frameworks;
			sourceTree = "<group>";
		};
/* End PBXGroup section */

/* Begin PBXHeadersBuildPhase section */
		174192162886AD2A00161123 /* Headers */ = {
			isa = PBXHeadersBuildPhase;
			buildActionMask = 2147483647;
			files = (
				1741921F2886AD2A00161123 /* PoliteCoreData_Framework.h in Headers */,
			);
			runOnlyForDeploymentPostprocessing = 0;
		};
/* End PBXHeadersBuildPhase section */

/* Begin PBXNativeTarget section */
		1741921A2886AD2A00161123 /* PoliteCoreData_Framework */ = {
			isa = PBXNativeTarget;
			buildConfigurationList = 174192222886AD2B00161123 /* Build configuration list for PBXNativeTarget "PoliteCoreData_Framework" */;
			buildPhases = (
				CA2C792B14ED428BBAAE39DC /* [CP] Check Pods Manifest.lock */,
				174192162886AD2A00161123 /* Headers */,
				174192172886AD2A00161123 /* Sources */,
				174192182886AD2A00161123 /* Frameworks */,
				174192192886AD2A00161123 /* Resources */,
			);
			buildRules = (
			);
			dependencies = (
			);
			name = PoliteCoreData_Framework;
			productName = PoliteCoreData_Framework;
			productReference = 1741921B2886AD2A00161123 /* PoliteCoreData_Framework.framework */;
			productType = "com.apple.product-type.framework";
		};
/* End PBXNativeTarget section */

/* Begin PBXProject section */
		174192122886AD2A00161123 /* Project object */ = {
			isa = PBXProject;
			attributes = {
				BuildIndependentTargetsInParallel = 1;
				LastUpgradeCheck = 1330;
				TargetAttributes = {
					1741921A2886AD2A00161123 = {
						CreatedOnToolsVersion = 13.3.1;
					};
				};
			};
			buildConfigurationList = 174192152886AD2A00161123 /* Build configuration list for PBXProject "PoliteCoreData_Framework" */;
			compatibilityVersion = "Xcode 13.0";
			developmentRegion = en;
			hasScannedForEncodings = 0;
			knownRegions = (
				en,
				Base,
			);
			mainGroup = 174192112886AD2A00161123;
			productRefGroup = 1741921C2886AD2A00161123 /* Products */;
			projectDirPath = "";
			projectRoot = "";
			targets = (
				1741921A2886AD2A00161123 /* PoliteCoreData_Framework */,
			);
		};
/* End PBXProject section */

/* Begin PBXResourcesBuildPhase section */
		174192192886AD2A00161123 /* Resources */ = {
			isa = PBXResourcesBuildPhase;
			buildActionMask = 2147483647;
			files = (
				1741925B2886BF6200161123 /* Shakuro.PoliteCoreData.podspec in Resources */,
			);
			runOnlyForDeploymentPostprocessing = 0;
		};
/* End PBXResourcesBuildPhase section */

/* Begin PBXShellScriptBuildPhase section */
		CA2C792B14ED428BBAAE39DC /* [CP] Check Pods Manifest.lock */ = {
			isa = PBXShellScriptBuildPhase;
			buildActionMask = 2147483647;
			files = (
			);
			inputFileListPaths = (
			);
			inputPaths = (
				"${PODS_PODFILE_DIR_PATH}/Podfile.lock",
				"${PODS_ROOT}/Manifest.lock",
			);
			name = "[CP] Check Pods Manifest.lock";
			outputFileListPaths = (
			);
			outputPaths = (
				"$(DERIVED_FILE_DIR)/Pods-PoliteCoreData_Framework-checkManifestLockResult.txt",
			);
			runOnlyForDeploymentPostprocessing = 0;
			shellPath = /bin/sh;
			shellScript = "diff \"${PODS_PODFILE_DIR_PATH}/Podfile.lock\" \"${PODS_ROOT}/Manifest.lock\" > /dev/null\nif [ $? != 0 ] ; then\n    # print error to STDERR\n    echo \"error: The sandbox is not in sync with the Podfile.lock. Run 'pod install' or update your CocoaPods installation.\" >&2\n    exit 1\nfi\n# This output is used by Xcode 'outputs' to avoid re-running this script phase.\necho \"SUCCESS\" > \"${SCRIPT_OUTPUT_FILE_0}\"\n";
			showEnvVarsInLog = 0;
		};
/* End PBXShellScriptBuildPhase section */

/* Begin PBXSourcesBuildPhase section */
		174192172886AD2A00161123 /* Sources */ = {
			isa = PBXSourcesBuildPhase;
			buildActionMask = 2147483647;
			files = (
				174192562886B86400161123 /* PoliteCoreStorage.swift in Sources */,
				174192512886B86400161123 /* ManagedEntity.swift in Sources */,
				174192502886B86400161123 /* PredicateConvertible.swift in Sources */,
				174192532886B86400161123 /* NSManagedObject+Update.swift in Sources */,
				174192522886B86400161123 /* PoliteCoreStorage+EntityIdentifier.swift in Sources */,
				174192552886B86400161123 /* FetchedResultsController.swift in Sources */,
				174192542886B86400161123 /* SingleObjectFetchedResultController.swift in Sources */,
			);
			runOnlyForDeploymentPostprocessing = 0;
		};
/* End PBXSourcesBuildPhase section */

/* Begin XCBuildConfiguration section */
		174192202886AD2B00161123 /* Debug */ = {
			isa = XCBuildConfiguration;
			buildSettings = {
				ALWAYS_SEARCH_USER_PATHS = NO;
				CLANG_ANALYZER_NONNULL = YES;
				CLANG_ANALYZER_NUMBER_OBJECT_CONVERSION = YES_AGGRESSIVE;
				CLANG_CXX_LANGUAGE_STANDARD = "gnu++17";
				CLANG_ENABLE_MODULES = YES;
				CLANG_ENABLE_OBJC_ARC = YES;
				CLANG_ENABLE_OBJC_WEAK = YES;
				CLANG_WARN_BLOCK_CAPTURE_AUTORELEASING = YES;
				CLANG_WARN_BOOL_CONVERSION = YES;
				CLANG_WARN_COMMA = YES;
				CLANG_WARN_CONSTANT_CONVERSION = YES;
				CLANG_WARN_DEPRECATED_OBJC_IMPLEMENTATIONS = YES;
				CLANG_WARN_DIRECT_OBJC_ISA_USAGE = YES_ERROR;
				CLANG_WARN_DOCUMENTATION_COMMENTS = YES;
				CLANG_WARN_EMPTY_BODY = YES;
				CLANG_WARN_ENUM_CONVERSION = YES;
				CLANG_WARN_INFINITE_RECURSION = YES;
				CLANG_WARN_INT_CONVERSION = YES;
				CLANG_WARN_NON_LITERAL_NULL_CONVERSION = YES;
				CLANG_WARN_OBJC_IMPLICIT_RETAIN_SELF = YES;
				CLANG_WARN_OBJC_LITERAL_CONVERSION = YES;
				CLANG_WARN_OBJC_ROOT_CLASS = YES_ERROR;
				CLANG_WARN_QUOTED_INCLUDE_IN_FRAMEWORK_HEADER = YES;
				CLANG_WARN_RANGE_LOOP_ANALYSIS = YES;
				CLANG_WARN_STRICT_PROTOTYPES = YES;
				CLANG_WARN_SUSPICIOUS_MOVE = YES;
				CLANG_WARN_UNGUARDED_AVAILABILITY = YES_AGGRESSIVE;
				CLANG_WARN_UNREACHABLE_CODE = YES;
				CLANG_WARN__DUPLICATE_METHOD_MATCH = YES;
				COPY_PHASE_STRIP = NO;
				CURRENT_PROJECT_VERSION = 1;
				DEBUG_INFORMATION_FORMAT = dwarf;
				ENABLE_STRICT_OBJC_MSGSEND = YES;
				ENABLE_TESTABILITY = YES;
				GCC_C_LANGUAGE_STANDARD = gnu11;
				GCC_DYNAMIC_NO_PIC = NO;
				GCC_NO_COMMON_BLOCKS = YES;
				GCC_OPTIMIZATION_LEVEL = 0;
				GCC_PREPROCESSOR_DEFINITIONS = (
					"DEBUG=1",
					"$(inherited)",
				);
				GCC_WARN_64_TO_32_BIT_CONVERSION = YES;
				GCC_WARN_ABOUT_RETURN_TYPE = YES_ERROR;
				GCC_WARN_UNDECLARED_SELECTOR = YES;
				GCC_WARN_UNINITIALIZED_AUTOS = YES_AGGRESSIVE;
				GCC_WARN_UNUSED_FUNCTION = YES;
				GCC_WARN_UNUSED_VARIABLE = YES;
				IPHONEOS_DEPLOYMENT_TARGET = 11.0;
				MTL_ENABLE_DEBUG_INFO = INCLUDE_SOURCE;
				MTL_FAST_MATH = YES;
				ONLY_ACTIVE_ARCH = YES;
				SDKROOT = iphoneos;
				SWIFT_ACTIVE_COMPILATION_CONDITIONS = DEBUG;
				SWIFT_OPTIMIZATION_LEVEL = "-Onone";
				VERSIONING_SYSTEM = "apple-generic";
				VERSION_INFO_PREFIX = "";
			};
			name = Debug;
		};
		174192212886AD2B00161123 /* Release */ = {
			isa = XCBuildConfiguration;
			buildSettings = {
				ALWAYS_SEARCH_USER_PATHS = NO;
				CLANG_ANALYZER_NONNULL = YES;
				CLANG_ANALYZER_NUMBER_OBJECT_CONVERSION = YES_AGGRESSIVE;
				CLANG_CXX_LANGUAGE_STANDARD = "gnu++17";
				CLANG_ENABLE_MODULES = YES;
				CLANG_ENABLE_OBJC_ARC = YES;
				CLANG_ENABLE_OBJC_WEAK = YES;
				CLANG_WARN_BLOCK_CAPTURE_AUTORELEASING = YES;
				CLANG_WARN_BOOL_CONVERSION = YES;
				CLANG_WARN_COMMA = YES;
				CLANG_WARN_CONSTANT_CONVERSION = YES;
				CLANG_WARN_DEPRECATED_OBJC_IMPLEMENTATIONS = YES;
				CLANG_WARN_DIRECT_OBJC_ISA_USAGE = YES_ERROR;
				CLANG_WARN_DOCUMENTATION_COMMENTS = YES;
				CLANG_WARN_EMPTY_BODY = YES;
				CLANG_WARN_ENUM_CONVERSION = YES;
				CLANG_WARN_INFINITE_RECURSION = YES;
				CLANG_WARN_INT_CONVERSION = YES;
				CLANG_WARN_NON_LITERAL_NULL_CONVERSION = YES;
				CLANG_WARN_OBJC_IMPLICIT_RETAIN_SELF = YES;
				CLANG_WARN_OBJC_LITERAL_CONVERSION = YES;
				CLANG_WARN_OBJC_ROOT_CLASS = YES_ERROR;
				CLANG_WARN_QUOTED_INCLUDE_IN_FRAMEWORK_HEADER = YES;
				CLANG_WARN_RANGE_LOOP_ANALYSIS = YES;
				CLANG_WARN_STRICT_PROTOTYPES = YES;
				CLANG_WARN_SUSPICIOUS_MOVE = YES;
				CLANG_WARN_UNGUARDED_AVAILABILITY = YES_AGGRESSIVE;
				CLANG_WARN_UNREACHABLE_CODE = YES;
				CLANG_WARN__DUPLICATE_METHOD_MATCH = YES;
				COPY_PHASE_STRIP = NO;
				CURRENT_PROJECT_VERSION = 1;
				DEBUG_INFORMATION_FORMAT = "dwarf-with-dsym";
				ENABLE_NS_ASSERTIONS = NO;
				ENABLE_STRICT_OBJC_MSGSEND = YES;
				GCC_C_LANGUAGE_STANDARD = gnu11;
				GCC_NO_COMMON_BLOCKS = YES;
				GCC_WARN_64_TO_32_BIT_CONVERSION = YES;
				GCC_WARN_ABOUT_RETURN_TYPE = YES_ERROR;
				GCC_WARN_UNDECLARED_SELECTOR = YES;
				GCC_WARN_UNINITIALIZED_AUTOS = YES_AGGRESSIVE;
				GCC_WARN_UNUSED_FUNCTION = YES;
				GCC_WARN_UNUSED_VARIABLE = YES;
				IPHONEOS_DEPLOYMENT_TARGET = 11.0;
				MTL_ENABLE_DEBUG_INFO = NO;
				MTL_FAST_MATH = YES;
				SDKROOT = iphoneos;
				SWIFT_COMPILATION_MODE = wholemodule;
				SWIFT_OPTIMIZATION_LEVEL = "-O";
				VALIDATE_PRODUCT = YES;
				VERSIONING_SYSTEM = "apple-generic";
				VERSION_INFO_PREFIX = "";
			};
			name = Release;
		};
		174192232886AD2B00161123 /* Debug */ = {
			isa = XCBuildConfiguration;
			baseConfigurationReference = C96EF585958B8B4077DB161E /* Pods-PoliteCoreData_Framework.debug.xcconfig */;
			buildSettings = {
				CODE_SIGN_STYLE = Automatic;
				CURRENT_PROJECT_VERSION = 1;
				DEFINES_MODULE = YES;
				DEVELOPMENT_TEAM = MW2UF479VW;
				DYLIB_COMPATIBILITY_VERSION = 1;
				DYLIB_CURRENT_VERSION = 1;
				DYLIB_INSTALL_NAME_BASE = "@rpath";
				GENERATE_INFOPLIST_FILE = NO;
				INFOPLIST_FILE = PoliteCoreData_Framework/Info.plist;
				INFOPLIST_KEY_NSHumanReadableCopyright = "";
				INSTALL_PATH = "$(LOCAL_LIBRARY_DIR)/Frameworks";
				LD_RUNPATH_SEARCH_PATHS = (
					"$(inherited)",
					"@executable_path/Frameworks",
					"@loader_path/Frameworks",
				);
				MARKETING_VERSION = 1.0;
				PRODUCT_BUNDLE_IDENTIFIER = "com.shakuro.PoliteCoreData-Framework";
				PRODUCT_NAME = "$(TARGET_NAME:c99extidentifier)";
				SKIP_INSTALL = YES;
				SWIFT_EMIT_LOC_STRINGS = YES;
				SWIFT_VERSION = 5.0;
				TARGETED_DEVICE_FAMILY = "1,2";
			};
			name = Debug;
		};
		174192242886AD2B00161123 /* Release */ = {
			isa = XCBuildConfiguration;
			baseConfigurationReference = 1CF27C4824D369BF5DDB4539 /* Pods-PoliteCoreData_Framework.release.xcconfig */;
			buildSettings = {
				CODE_SIGN_STYLE = Automatic;
				CURRENT_PROJECT_VERSION = 1;
				DEFINES_MODULE = YES;
				DEVELOPMENT_TEAM = MW2UF479VW;
				DYLIB_COMPATIBILITY_VERSION = 1;
				DYLIB_CURRENT_VERSION = 1;
				DYLIB_INSTALL_NAME_BASE = "@rpath";
				GENERATE_INFOPLIST_FILE = NO;
				INFOPLIST_FILE = PoliteCoreData_Framework/Info.plist;
				INFOPLIST_KEY_NSHumanReadableCopyright = "";
				INSTALL_PATH = "$(LOCAL_LIBRARY_DIR)/Frameworks";
				LD_RUNPATH_SEARCH_PATHS = (
					"$(inherited)",
					"@executable_path/Frameworks",
					"@loader_path/Frameworks",
				);
				MARKETING_VERSION = 1.0;
				PRODUCT_BUNDLE_IDENTIFIER = "com.shakuro.PoliteCoreData-Framework";
				PRODUCT_NAME = "$(TARGET_NAME:c99extidentifier)";
				SKIP_INSTALL = YES;
				SWIFT_EMIT_LOC_STRINGS = YES;
				SWIFT_VERSION = 5.0;
				TARGETED_DEVICE_FAMILY = "1,2";
			};
			name = Release;
		};
/* End XCBuildConfiguration section */

/* Begin XCConfigurationList section */
		174192152886AD2A00161123 /* Build configuration list for PBXProject "PoliteCoreData_Framework" */ = {
			isa = XCConfigurationList;
			buildConfigurations = (
				174192202886AD2B00161123 /* Debug */,
				174192212886AD2B00161123 /* Release */,
			);
			defaultConfigurationIsVisible = 0;
			defaultConfigurationName = Release;
		};
		174192222886AD2B00161123 /* Build configuration list for PBXNativeTarget "PoliteCoreData_Framework" */ = {
			isa = XCConfigurationList;
			buildConfigurations = (
				174192232886AD2B00161123 /* Debug */,
				174192242886AD2B00161123 /* Release */,
			);
			defaultConfigurationIsVisible = 0;
			defaultConfigurationName = Release;
		};
/* End XCConfigurationList section */
	};
	rootObject = 174192122886AD2A00161123 /* Project object */;
}
